{
  "name": "dictaphone",
  "lockfileVersion": 3,
  "requires": true,
  "packages": {
    "": {
      "dependencies": {
        "extendable-media-recorder": "^9.2.26",
        "extendable-media-recorder-wav-encoder": "^7.0.128"
      }
    },
    "node_modules/@babel/runtime": {
      "version": "7.27.1",
      "resolved": "https://registry.npmjs.org/@babel/runtime/-/runtime-7.27.1.tgz",
      "integrity": "sha512-1x3D2xEk2fRo3PAhwQwu5UubzgiVWSXTBfWpVd2Mx2AzRqJuDJCsgaDVZ7HB5iGzDW1Hl1sWN2mFyKjmR9uAog==",
      "engines": {
        "node": ">=6.9.0"
      }
    },
    "node_modules/automation-events": {
      "version": "7.1.10",
      "resolved": "https://registry.npmjs.org/automation-events/-/automation-events-7.1.10.tgz",
      "integrity": "sha512-fO/uRe4vhoTgZUMVYqScmXWQM9dRG6iXn6zmS7XGESx83V2vSpoLenJR6BlWxRLz4RLN5zcCcJp+p4bdI9s4Yw==",
      "dependencies": {
        "@babel/runtime": "^7.27.1",
        "tslib": "^2.8.1"
      },
      "engines": {
        "node": ">=18.2.0"
      }
    },
    "node_modules/broker-factory": {
      "version": "3.1.6",
      "resolved": "https://registry.npmjs.org/broker-factory/-/broker-factory-3.1.6.tgz",
      "integrity": "sha512-yIQuvDXR1MzA758Y1YUonVdjL0ZDg8HIG4Eq5rzYcHSV6xxqB5JL2mkjnJY+4IjXyY7OhPaLejwleOOw6sABhQ==",
      "dependencies": {
        "@babel/runtime": "^7.27.1",
        "fast-unique-numbers": "^9.0.21",
        "tslib": "^2.8.1",
        "worker-factory": "^7.0.42"
      }
    },
    "node_modules/extendable-media-recorder": {
      "version": "9.2.26",
      "resolved": "https://registry.npmjs.org/extendable-media-recorder/-/extendable-media-recorder-9.2.26.tgz",
      "integrity": "sha512-p23gy9WJXBbK3w805H6b/8x7+emiFLcIRHE1rc3hQ4TUjqFvoALLV7b8Jrz9/Q+ZCihuqCEb7NEPW4h4CE6KtA==",
      "dependencies": {
        "@babel/runtime": "^7.27.1",
        "media-encoder-host": "^9.0.19",
        "multi-buffer-data-view": "^6.0.21",
        "recorder-audio-worklet": "^6.0.47",
        "standardized-audio-context": "^25.3.77",
        "subscribable-things": "^2.1.52",
        "tslib": "^2.8.1"
      }
    },
    "node_modules/extendable-media-recorder-wav-encoder": {
      "version": "7.0.128",
      "resolved": "https://registry.npmjs.org/extendable-media-recorder-wav-encoder/-/extendable-media-recorder-wav-encoder-7.0.128.tgz",
      "integrity": "sha512-9Zu/p/PdVwBLXEIZA/ex51HSFsGoRjMl4/pVqx64W6moQBZ+XjNP4+Fk/pjN/LAAv01B3VyxS+5P2h5B09bdng==",
      "dependencies": {
        "@babel/runtime": "^7.27.1",
        "extendable-media-recorder-wav-encoder-broker": "^7.0.118",
        "extendable-media-recorder-wav-encoder-worker": "^8.0.115",
        "tslib": "^2.8.1"
      }
    },
    "node_modules/extendable-media-recorder-wav-encoder-broker": {
      "version": "7.0.118",
      "resolved": "https://registry.npmjs.org/extendable-media-recorder-wav-encoder-broker/-/extendable-media-recorder-wav-encoder-broker-7.0.118.tgz",
      "integrity": "sha512-NUBrJ5u6WXOaeSkpcaT5UNWw87dJDtT66RlO+LoF38T25mUKlDey02DmjDp7WPXmI694f2KXxrgdMYgiVXwxxg==",
      "dependencies": {
        "@babel/runtime": "^7.27.1",
        "broker-factory": "^3.1.6",
        "extendable-media-recorder-wav-encoder-worker": "^8.0.115",
        "tslib": "^2.8.1"
      }
    },
    "node_modules/extendable-media-recorder-wav-encoder-worker": {
      "version": "8.0.115",
      "resolved": "https://registry.npmjs.org/extendable-media-recorder-wav-encoder-worker/-/extendable-media-recorder-wav-encoder-worker-8.0.115.tgz",
      "integrity": "sha512-D20jue+oGG4hFwmnyWjoGchr/degjto52MOKrAbKzrGQnBGdNfx1s0528+U8gIKHiGuKnOvgT8+0BACO5KTRMw==",
      "dependencies": {
        "@babel/runtime": "^7.27.1",
        "tslib": "^2.8.1",
        "worker-factory": "^7.0.42"
      }
    },
    "node_modules/fast-unique-numbers": {
      "version": "9.0.21",
      "resolved": "https://registry.npmjs.org/fast-unique-numbers/-/fast-unique-numbers-9.0.21.tgz",
      "integrity": "sha512-t7gFR4sftDWVSBCL65ByTxR5Tf6c1hLPCoNZL3K9Jq5zBb3FY8jGffSvRdY6nVgm8reGq8Ii39Mm6YePX7uKAA==",
      "dependencies": {
        "@babel/runtime": "^7.27.1",
        "tslib": "^2.8.1"
      },
      "engines": {
        "node": ">=18.2.0"
      }
    },
    "node_modules/media-encoder-host": {
      "version": "9.0.19",
      "resolved": "https://registry.npmjs.org/media-encoder-host/-/media-encoder-host-9.0.19.tgz",
      "integrity": "sha512-CXVTeXD28X/q+z9kflvMRBdleMCiKJXrlmKn4gr/JxU35rbmXlB6/VBTMttWXV9jql0XubWN/3K2hGbrR4861g==",
      "dependencies": {
        "@babel/runtime": "^7.27.1",
        "media-encoder-host-broker": "^8.0.18",
        "media-encoder-host-worker": "^10.0.18",
        "tslib": "^2.8.1"
      }
    },
    "node_modules/media-encoder-host-broker": {
      "version": "8.0.18",
      "resolved": "https://registry.npmjs.org/media-encoder-host-broker/-/media-encoder-host-broker-8.0.18.tgz",
      "integrity": "sha512-LRnejjrRnOnVmzaurxAlEqV/CI45ldtMARXpgNs0kA4fzueAFTI0Q3mf4YMD8IgDZ2q7e5CZswlU6AVQw9rdYw==",
      "dependencies": {
        "@babel/runtime": "^7.27.1",
        "broker-factory": "^3.1.6",
        "fast-unique-numbers": "^9.0.21",
        "media-encoder-host-worker": "^10.0.18",
        "tslib": "^2.8.1"
      }
    },
    "node_modules/media-encoder-host-worker": {
      "version": "10.0.18",
      "resolved": "https://registry.npmjs.org/media-encoder-host-worker/-/media-encoder-host-worker-10.0.18.tgz",
      "integrity": "sha512-tWB9EXFpI4O1cVBSN0LV7YNUDPlciVuI1c9Aa8+2iY4cjtuG3z8hIcKLD2yvQ/L7/TlkhoGr4d8jAHf8BXuZ9g==",
      "dependencies": {
        "@babel/runtime": "^7.27.1",
        "extendable-media-recorder-wav-encoder-broker": "^7.0.118",
        "tslib": "^2.8.1",
        "worker-factory": "^7.0.42"
      }
    },
    "node_modules/multi-buffer-data-view": {
      "version": "6.0.21",
      "resolved": "https://registry.npmjs.org/multi-buffer-data-view/-/multi-buffer-data-view-6.0.21.tgz",
      "integrity": "sha512-AwMeTAKteRJeLAY0jEqNNuBWkGiIFM3ImdS8IVWvvLEFlyWQzAWenY2i1HNuPKnA2p+7hRPwTRAcvUi2h53COw==",
      "dependencies": {
        "@babel/runtime": "^7.27.1",
        "tslib": "^2.8.1"
      },
      "engines": {
        "node": ">=18.2.0"
      }
    },
    "node_modules/recorder-audio-worklet": {
      "version": "6.0.47",
      "resolved": "https://registry.npmjs.org/recorder-audio-worklet/-/recorder-audio-worklet-6.0.47.tgz",
      "integrity": "sha512-+b7cgb+dEZ9MmkfWSdquM3BmTAE2aG1P/qMuGzug1TJ8YJdd0m4dzxkMM8x9Shk5HbvVo0FWnwd+Lea1Q3vDzw==",
      "dependencies": {
        "@babel/runtime": "^7.27.1",
        "broker-factory": "^3.1.6",
        "fast-unique-numbers": "^9.0.21",
        "recorder-audio-worklet-processor": "^5.0.34",
        "standardized-audio-context": "^25.3.77",
        "subscribable-things": "^2.1.52",
        "tslib": "^2.8.1",
        "worker-factory": "^7.0.42"
      }
    },
    "node_modules/recorder-audio-worklet-processor": {
      "version": "5.0.34",
      "resolved": "https://registry.npmjs.org/recorder-audio-worklet-processor/-/recorder-audio-worklet-processor-5.0.34.tgz",
      "integrity": "sha512-AjR/+s9+jyV1g7PhUkX+1j7DKlivyqp3YLEhbvHoJ2QyxPpJ7S9nis5GUa0u4DXcv70SyjvbifJj+O61coCwfQ==",
      "dependencies": {
        "@babel/runtime": "^7.27.1",
        "tslib": "^2.8.1"
      }
    },
    "node_modules/rxjs-interop": {
      "version": "2.0.0",
      "resolved": "https://registry.npmjs.org/rxjs-interop/-/rxjs-interop-2.0.0.tgz",
      "integrity": "sha512-ASEq9atUw7lualXB+knvgtvwkCEvGWV2gDD/8qnASzBkzEARZck9JAyxmY8OS6Nc1pCPEgDTKNcx+YqqYfzArw=="
    },
    "node_modules/standardized-audio-context": {
      "version": "25.3.77",
      "resolved": "https://registry.npmjs.org/standardized-audio-context/-/standardized-audio-context-25.3.77.tgz",
      "integrity": "sha512-Ki9zNz6pKcC5Pi+QPjPyVsD9GwJIJWgryji0XL9cAJXMGyn+dPOf6Qik1AHei0+UNVcc4BOCa0hWLBzlwqsW/A==",
      "dependencies": {
        "@babel/runtime": "^7.25.6",
        "automation-events": "^7.0.9",
        "tslib": "^2.7.0"
      }
    },
    "node_modules/subscribable-things": {
      "version": "2.1.52",
      "resolved": "https://registry.npmjs.org/subscribable-things/-/subscribable-things-2.1.52.tgz",
      "integrity": "sha512-W8qLbM8i7xcUeGOJ69vZ+JXboPd4gaBLgnFZ/a+xSSugvoz1UQd7LQQEMyyp7bSkC4zxA0rFGPr1vINbR19tgQ==",
      "dependencies": {
        "@babel/runtime": "^7.27.1",
        "rxjs-interop": "^2.0.0",
        "tslib": "^2.8.1"
      }
    },
    "node_modules/tslib": {
      "version": "2.8.1",
      "resolved": "https://registry.npmjs.org/tslib/-/tslib-2.8.1.tgz",
      "integrity": "sha512-oJFu94HQb+KVduSUQL7wnpmqnfmLsOA/nAh6b6EH0wCEoK0/mPeXU6c3wKDV83MkOuHPRHtSXKKU99IBazS/2w=="
    },
    "node_modules/worker-factory": {
      "version": "7.0.42",
      "resolved": "https://registry.npmjs.org/worker-factory/-/worker-factory-7.0.42.tgz",
      "integrity": "sha512-xQhdcRafZFHGxX+EpJqXsY1X5czW95XN7aXP+0cmy6RMX/8+r78znLyJB7DafPTIFdyNk09J6wstW0RreIlIHw==",
      "dependencies": {
        "@babel/runtime": "^7.27.1",
        "fast-unique-numbers": "^9.0.21",
        "tslib": "^2.8.1"
      }
    }
  }
}
